# This file is automatically @generated by Cargo.
# It is not intended for manual editing.
version = 4

[[package]]
name = "noalloc-slip-rs"
version = "0.1.0"
dependencies = [
 "noalloc-vec-rs",
]

[[package]]
name = "noalloc-vec-rs"
version = "0.1.1"
source = "registry+https://github.com/rust-lang/crates.io-index"
checksum = "c7e901c344532c63a8ada34050f43bec92137639a262cdc8583ecd3ab696db4c"
