# This file is automatically @generated by Cargo.
# It is not intended for manual editing.
version = 4

[[package]]
name = "noalloc-slip-rs"
version = "0.1.0"
dependencies = [
 "noalloc-vec-rs",
]

[[package]]
name = "noalloc-vec-rs"
version = "0.1.0"
source = "git+https://github.com/jaudiger/noalloc-vec-rs.git?rev=a6bafb89f6e3901cfbdb96ee6115a8e5c47331ff#a6bafb89f6e3901cfbdb96ee6115a8e5c47331ff"
