# This file is automatically @generated by Cargo.
# It is not intended for manual editing.
version = 4

[[package]]
name = "noalloc-slip-rs"
version = "0.1.0"
dependencies = [
 "noalloc-vec-rs",
]

[[package]]
name = "noalloc-vec-rs"
version = "0.1.0"
source = "git+https://github.com/jaudiger/noalloc-vec-rs.git?rev=69b78d5e9545cca37d26706700a1742cf25a61dc#69b78d5e9545cca37d26706700a1742cf25a61dc"
